{
  "name": "answer_system_student",
  "version": "1.0.0",
  "lockfileVersion": 1,
  "requires": true,
  "dependencies": {
    "qs": {
      "version": "6.7.3",
      "resolved": "https://registry.npmjs.org/qs/-/qs-6.7.3.tgz",
      "integrity": "sha512-WBoQWf5L/UOLqUj8Mvr4Om7J+ZTCqPbYPHyeLNRS9t9Q3M3/o/9ctpWnlo8yyETPclx7FhH5LidjKKJa9kdSRQ=="
    },
    "vuex": {
      "version": "3.1.0",
      "resolved": "https://registry.npmjs.org/vuex/-/vuex-3.1.0.tgz",
      "integrity": "sha512-mdHeHT/7u4BncpUZMlxNaIdcN/HIt1GsGG5LKByArvYG/v6DvHcOxvDCts+7SRdCoIRGllK8IMZvQtQXLppDYg=="
    }
  }
}
